
Microsoft Visual Studio Solution File, Format Version 12.00
# Visual Studio Version 16
VisualStudioVersion = 16.0.31424.327
MinimumVisualStudioVersion = 10.0.40219.1
Project("{9A19103F-16F7-4668-BE54-9A1E7A4F7556}") = "Raindrops.UI.WebView", "Raindrops.UI.WebView\Raindrops.UI.WebView.csproj", "{72DF6385-3BF0-460A-8DD9-20374C0302F7}"
EndProject
Project("{9A19103F-16F7-4668-BE54-9A1E7A4F7556}") = "Raindrops.UI.WebView.TestWinForm", "Raindrops.UI.WebView.TestWinForm\Raindrops.UI.WebView.TestWinForm.csproj", "{7BDE2881-8E95-417E-81B6-82B45EB111B7}"
EndProject
Global
	GlobalSection(SolutionConfigurationPlatforms) = preSolution
		Debug|Any CPU = Debug|Any CPU
		Release|Any CPU = Release|Any CPU
	EndGlobalSection
	GlobalSection(ProjectConfigurationPlatforms) = postSolution
		{72DF6385-3BF0-460A-8DD9-20374C0302F7}.Debug|Any CPU.ActiveCfg = Debug|Any CPU
		{72DF6385-3BF0-460A-8DD9-20374C0302F7}.Debug|Any CPU.Build.0 = Debug|Any CPU
		{72DF6385-3BF0-460A-8DD9-20374C0302F7}.Release|Any CPU.ActiveCfg = Release|Any CPU
		{72DF6385-3BF0-460A-8DD9-20374C0302F7}.Release|Any CPU.Build.0 = Release|Any CPU
		{7BDE2881-8E95-417E-81B6-82B45EB111B7}.Debug|Any CPU.ActiveCfg = Debug|Any CPU
		{7BDE2881-8E95-417E-81B6-82B45EB111B7}.Debug|Any CPU.Build.0 = Debug|Any CPU
		{7BDE2881-8E95-417E-81B6-82B45EB111B7}.Release|Any CPU.ActiveCfg = Release|Any CPU
		{7BDE2881-8E95-417E-81B6-82B45EB111B7}.Release|Any CPU.Build.0 = Release|Any CPU
	EndGlobalSection
	GlobalSection(SolutionProperties) = preSolution
		HideSolutionNode = FALSE
	EndGlobalSection
	GlobalSection(ExtensibilityGlobals) = postSolution
		SolutionGuid = {CCF9567F-36EA-4313-9B9E-75AF67901B11}
	EndGlobalSection
EndGlobal
